# This file is automatically @generated by Wally.
# It is not intended for manual editing.
registry = "test"

[[package]]
name = "etheroit/replicacontroller"
version = "1.0.0"
dependencies = []

[[package]]
name = "etheroit/replicaservice"
version = "1.0.2"
dependencies = []

[[package]]
name = "evaera/promise"
version = "4.0.0"
dependencies = []

[[package]]
name = "ffrostflame/bridgenet2"
version = "1.0.0"
dependencies = [["RemotePacketSizeCounter", "pysephwasntavailable/remotepacketsizecounter@2.4.1"], ["TableKit", "ffrostflame/tablekit@0.2.4"], ["wallyInstanceManager", "ffrostflame/wally-instance-manager@0.1.0"]]

[[package]]
name = "ffrostflame/tablekit"
version = "0.2.4"
dependencies = []

[[package]]
name = "ffrostflame/wally-instance-manager"
version = "0.1.0"
dependencies = []

[[package]]
name = "pysephwasntavailable/remotepacketsizecounter"
version = "2.4.1"
dependencies = []

[[package]]
name = "robloxiandemo/replicaservice-demo"
version = "0.1.4"
dependencies = []

[[package]]
name = "sawcy/framework-template"
version = "0.1.0"
dependencies = [["BridgeNet2", "ffrostflame/bridgenet2@1.0.0"], ["ProfileStore", "sekuriyo-lotus/profilestore@1.0.4"], ["Promise", "evaera/promise@4.0.0"], ["ReplicaController", "etheroit/replicacontroller@1.0.0"], ["ReplicaService", "robloxiandemo/replicaservice-demo@0.1.4"], ["ReplicasService", "etheroit/replicaservice@1.0.2"]]

[[package]]
name = "sekuriyo-lotus/profilestore"
version = "1.0.4"
dependencies = []
